// !$*UTF8*$!
{
	archiveVersion = 1;
	classes = {
	};
	objectVersion = 56;
	objects = {

/* Begin PBXBuildFile section */
		1577CB192BC1098800138F5F /* cursorApp.swift in Sources */ = {isa = PBXBuildFile; fileRef = 1577CB182BC1098800138F5F /* cursorApp.swift */; };
		1577CB1B2BC1098800138F5F /* ContentView.swift in Sources */ = {isa = PBXBuildFile; fileRef = 1577CB1A2BC1098800138F5F /* ContentView.swift */; };
		1577CB1D2BC1098900138F5F /* Assets.xcassets in Resources */ = {isa = PBXBuildFile; fileRef = 1577CB1C2BC1098900138F5F /* Assets.xcassets */; };
		1577CB202BC1098900138F5F /* Preview Assets.xcassets in Resources */ = {isa = PBXBuildFile; fileRef = 1577CB1F2BC1098900138F5F /* Preview Assets.xcassets */; };
		1577CB2B2BC1098900138F5F /* cursorTests.swift in Sources */ = {isa = PBXBuildFile; fileRef = 1577CB2A2BC1098900138F5F /* cursorTests.swift */; };
		1577CB352BC1098900138F5F /* cursorUITests.swift in Sources */ = {isa = PBXBuildFile; fileRef = 1577CB342BC1098900138F5F /* cursorUITests.swift */; };
		1577CB372BC1098900138F5F /* cursorUITestsLaunchTests.swift in Sources */ = {isa = PBXBuildFile; fileRef = 1577CB362BC1098900138F5F /* cursorUITestsLaunchTests.swift */; };
/* End PBXBuildFile section */

/* Begin PBXContainerItemProxy section */
		1577CB272BC1098900138F5F /* PBXContainerItemProxy */ = {
			isa = PBXContainerItemProxy;
			containerPortal = 1577CB0D2BC1098800138F5F /* Project object */;
			proxyType = 1;
			remoteGlobalIDString = 1577CB142BC1098800138F5F;
			remoteInfo = cursor;
		};
		1577CB312BC1098900138F5F /* PBXContainerItemProxy */ = {
			isa = PBXContainerItemProxy;
			containerPortal = 1577CB0D2BC1098800138F5F /* Project object */;
			proxyType = 1;
			remoteGlobalIDString = 1577CB142BC1098800138F5F;
			remoteInfo = cursor;
		};
/* End PBXContainerItemProxy section */

/* Begin PBXFileReference section */
		1577CB152BC1098800138F5F /* cursor.app */ = {isa = PBXFileReference; explicitFileType = wrapper.application; includeInIndex = 0; path = cursor.app; sourceTree = BUILT_PRODUCTS_DIR; };
		1577CB182BC1098800138F5F /* cursorApp.swift */ = {isa = PBXFileReference; lastKnownFileType = sourcecode.swift; path = cursorApp.swift; sourceTree = "<group>"; };
		1577CB1A2BC1098800138F5F /* ContentView.swift */ = {isa = PBXFileReference; lastKnownFileType = sourcecode.swift; path = ContentView.swift; sourceTree = "<group>"; };
		1577CB1C2BC1098900138F5F /* Assets.xcassets */ = {isa = PBXFileReference; lastKnownFileType = folder.assetcatalog; path = Assets.xcassets; sourceTree = "<group>"; };
		1577CB1F2BC1098900138F5F /* Preview Assets.xcassets */ = {isa = PBXFileReference; lastKnownFileType = folder.assetcatalog; path = "Preview Assets.xcassets"; sourceTree = "<group>"; };
		1577CB212BC1098900138F5F /* cursor.entitlements */ = {isa = PBXFileReference; lastKnownFileType = text.plist.entitlements; path = cursor.entitlements; sourceTree = "<group>"; };
		1577CB262BC1098900138F5F /* cursorTests.xctest */ = {isa = PBXFileReference; explicitFileType = wrapper.cfbundle; includeInIndex = 0; path = cursorTests.xctest; sourceTree = BUILT_PRODUCTS_DIR; };
		1577CB2A2BC1098900138F5F /* cursorTests.swift */ = {isa = PBXFileReference; lastKnownFileType = sourcecode.swift; path = cursorTests.swift; sourceTree = "<group>"; };
		1577CB302BC1098900138F5F /* cursorUITests.xctest */ = {isa = PBXFileReference; explicitFileType = wrapper.cfbundle; includeInIndex = 0; path = cursorUITests.xctest; sourceTree = BUILT_PRODUCTS_DIR; };
		1577CB342BC1098900138F5F /* cursorUITests.swift */ = {isa = PBXFileReference; lastKnownFileType = sourcecode.swift; path = cursorUITests.swift; sourceTree = "<group>"; };
		1577CB362BC1098900138F5F /* cursorUITestsLaunchTests.swift */ = {isa = PBXFileReference; lastKnownFileType = sourcecode.swift; path = cursorUITestsLaunchTests.swift; sourceTree = "<group>"; };
/* End PBXFileReference section */

/* Begin PBXFrameworksBuildPhase section */
		1577CB122BC1098800138F5F /* Frameworks */ = {
			isa = PBXFrameworksBuildPhase;
			buildActionMask = 2147483647;
			files = (
			);
			runOnlyForDeploymentPostprocessing = 0;
		};
		1577CB232BC1098900138F5F /* Frameworks */ = {
			isa = PBXFrameworksBuildPhase;
			buildActionMask = 2147483647;
			files = (
			);
			runOnlyForDeploymentPostprocessing = 0;
		};
		1577CB2D2BC1098900138F5F /* Frameworks */ = {
			isa = PBXFrameworksBuildPhase;
			buildActionMask = 2147483647;
			files = (
			);
			runOnlyForDeploymentPostprocessing = 0;
		};
/* End PBXFrameworksBuildPhase section */

/* Begin PBXGroup section */
		1577CB0C2BC1098800138F5F = {
			isa = PBXGroup;
			children = (
				1577CB172BC1098800138F5F /* cursor */,
				1577CB292BC1098900138F5F /* cursorTests */,
				1577CB332BC1098900138F5F /* cursorUITests */,
				1577CB162BC1098800138F5F /* Products */,
			);
			sourceTree = "<group>";
		};
		1577CB162BC1098800138F5F /* Products */ = {
			isa = PBXGroup;
			children = (
				1577CB152BC1098800138F5F /* cursor.app */,
				1577CB262BC1098900138F5F /* cursorTests.xctest */,
				1577CB302BC1098900138F5F /* cursorUITests.xctest */,
			);
			name = Products;
			sourceTree = "<group>";
		};
		1577CB172BC1098800138F5F /* cursor */ = {
			isa = PBXGroup;
			children = (
				1577CB182BC1098800138F5F /* cursorApp.swift */,
				1577CB1A2BC1098800138F5F /* ContentView.swift */,
				1577CB1C2BC1098900138F5F /* Assets.xcassets */,
				1577CB212BC1098900138F5F /* cursor.entitlements */,
				1577CB1E2BC1098900138F5F /* Preview Content */,
			);
			path = cursor;
			sourceTree = "<group>";
		};
		1577CB1E2BC1098900138F5F /* Preview Content */ = {
			isa = PBXGroup;
			children = (
				1577CB1F2BC1098900138F5F /* Preview Assets.xcassets */,
			);
			path = "Preview Content";
			sourceTree = "<group>";
		};
		1577CB292BC1098900138F5F /* cursorTests */ = {
			isa = PBXGroup;
			children = (
				1577CB2A2BC1098900138F5F /* cursorTests.swift */,
			);
			path = cursorTests;
			sourceTree = "<group>";
		};
		1577CB332BC1098900138F5F /* cursorUITests */ = {
			isa = PBXGroup;
			children = (
				1577CB342BC1098900138F5F /* cursorUITests.swift */,
				1577CB362BC1098900138F5F /* cursorUITestsLaunchTests.swift */,
			);
			path = cursorUITests;
			sourceTree = "<group>";
		};
/* End PBXGroup section */

/* Begin PBXNativeTarget section */
		1577CB142BC1098800138F5F /* cursor */ = {
			isa = PBXNativeTarget;
			buildConfigurationList = 1577CB3A2BC1098900138F5F /* Build configuration list for PBXNativeTarget "cursor" */;
			buildPhases = (
				1577CB112BC1098800138F5F /* Sources */,
				1577CB122BC1098800138F5F /* Frameworks */,
				1577CB132BC1098800138F5F /* Resources */,
			);
			buildRules = (
			);
			dependencies = (
			);
			name = cursor;
			productName = cursor;
			productReference = 1577CB152BC1098800138F5F /* cursor.app */;
			productType = "com.apple.product-type.application";
		};
		1577CB252BC1098900138F5F /* cursorTests */ = {
			isa = PBXNativeTarget;
			buildConfigurationList = 1577CB3D2BC1098900138F5F /* Build configuration list for PBXNativeTarget "cursorTests" */;
			buildPhases = (
				1577CB222BC1098900138F5F /* Sources */,
				1577CB232BC1098900138F5F /* Frameworks */,
				1577CB242BC1098900138F5F /* Resources */,
			);
			buildRules = (
			);
			dependencies = (
				1577CB282BC1098900138F5F /* PBXTargetDependency */,
			);
			name = cursorTests;
			productName = cursorTests;
			productReference = 1577CB262BC1098900138F5F /* cursorTests.xctest */;
			productType = "com.apple.product-type.bundle.unit-test";
		};
		1577CB2F2BC1098900138F5F /* cursorUITests */ = {
			isa = PBXNativeTarget;
			buildConfigurationList = 1577CB402BC1098900138F5F /* Build configuration list for PBXNativeTarget "cursorUITests" */;
			buildPhases = (
				1577CB2C2BC1098900138F5F /* Sources */,
				1577CB2D2BC1098900138F5F /* Frameworks */,
				1577CB2E2BC1098900138F5F /* Resources */,
			);
			buildRules = (
			);
			dependencies = (
				1577CB322BC1098900138F5F /* PBXTargetDependency */,
			);
			name = cursorUITests;
			productName = cursorUITests;
			productReference = 1577CB302BC1098900138F5F /* cursorUITests.xctest */;
			productType = "com.apple.product-type.bundle.ui-testing";
		};
/* End PBXNativeTarget section */

/* Begin PBXProject section */
		1577CB0D2BC1098800138F5F /* Project object */ = {
			isa = PBXProject;
			attributes = {
				BuildIndependentTargetsInParallel = 1;
				LastSwiftUpdateCheck = 1530;
				LastUpgradeCheck = 1530;
				TargetAttributes = {
					1577CB142BC1098800138F5F = {
						CreatedOnToolsVersion = 15.3;
					};
					1577CB252BC1098900138F5F = {
						CreatedOnToolsVersion = 15.3;
						TestTargetID = 1577CB142BC1098800138F5F;
					};
					1577CB2F2BC1098900138F5F = {
						CreatedOnToolsVersion = 15.3;
						TestTargetID = 1577CB142BC1098800138F5F;
					};
				};
			};
			buildConfigurationList = 1577CB102BC1098800138F5F /* Build configuration list for PBXProject "cursor" */;
			compatibilityVersion = "Xcode 14.0";
			developmentRegion = en;
			hasScannedForEncodings = 0;
			knownRegions = (
				en,
				Base,
			);
			mainGroup = 1577CB0C2BC1098800138F5F;
			productRefGroup = 1577CB162BC1098800138F5F /* Products */;
			projectDirPath = "";
			projectRoot = "";
			targets = (
				1577CB142BC1098800138F5F /* cursor */,
				1577CB252BC1098900138F5F /* cursorTests */,
				1577CB2F2BC1098900138F5F /* cursorUITests */,
			);
		};
/* End PBXProject section */

/* Begin PBXResourcesBuildPhase section */
		1577CB132BC1098800138F5F /* Resources */ = {
			isa = PBXResourcesBuildPhase;
			buildActionMask = 2147483647;
			files = (
				1577CB202BC1098900138F5F /* Preview Assets.xcassets in Resources */,
				1577CB1D2BC1098900138F5F /* Assets.xcassets in Resources */,
			);
			runOnlyForDeploymentPostprocessing = 0;
		};
		1577CB242BC1098900138F5F /* Resources */ = {
			isa = PBXResourcesBuildPhase;
			buildActionMask = 2147483647;
			files = (
			);
			runOnlyForDeploymentPostprocessing = 0;
		};
		1577CB2E2BC1098900138F5F /* Resources */ = {
			isa = PBXResourcesBuildPhase;
			buildActionMask = 2147483647;
			files = (
			);
			runOnlyForDeploymentPostprocessing = 0;
		};
/* End PBXResourcesBuildPhase section */

/* Begin PBXSourcesBuildPhase section */
		1577CB112BC1098800138F5F /* Sources */ = {
			isa = PBXSourcesBuildPhase;
			buildActionMask = 2147483647;
			files = (
				1577CB1B2BC1098800138F5F /* ContentView.swift in Sources */,
				1577CB192BC1098800138F5F /* cursorApp.swift in Sources */,
			);
			runOnlyForDeploymentPostprocessing = 0;
		};
		1577CB222BC1098900138F5F /* Sources */ = {
			isa = PBXSourcesBuildPhase;
			buildActionMask = 2147483647;
			files = (
				1577CB2B2BC1098900138F5F /* cursorTests.swift in Sources */,
			);
			runOnlyForDeploymentPostprocessing = 0;
		};
		1577CB2C2BC1098900138F5F /* Sources */ = {
			isa = PBXSourcesBuildPhase;
			buildActionMask = 2147483647;
			files = (
				1577CB372BC1098900138F5F /* cursorUITestsLaunchTests.swift in Sources */,
				1577CB352BC1098900138F5F /* cursorUITests.swift in Sources */,
			);
			runOnlyForDeploymentPostprocessing = 0;
		};
/* End PBXSourcesBuildPhase section */

/* Begin PBXTargetDependency section */
		1577CB282BC1098900138F5F /* PBXTargetDependency */ = {
			isa = PBXTargetDependency;
			target = 1577CB142BC1098800138F5F /* cursor */;
			targetProxy = 1577CB272BC1098900138F5F /* PBXContainerItemProxy */;
		};
		1577CB322BC1098900138F5F /* PBXTargetDependency */ = {
			isa = PBXTargetDependency;
			target = 1577CB142BC1098800138F5F /* cursor */;
			targetProxy = 1577CB312BC1098900138F5F /* PBXContainerItemProxy */;
		};
/* End PBXTargetDependency section */

/* Begin XCBuildConfiguration section */
		1577CB382BC1098900138F5F /* Debug */ = {
			isa = XCBuildConfiguration;
			buildSettings = {
				ALWAYS_SEARCH_USER_PATHS = NO;
				ASSETCATALOG_COMPILER_GENERATE_SWIFT_ASSET_SYMBOL_EXTENSIONS = YES;
				CLANG_ANALYZER_NONNULL = YES;
				CLANG_ANALYZER_NUMBER_OBJECT_CONVERSION = YES_AGGRESSIVE;
				CLANG_CXX_LANGUAGE_STANDARD = "gnu++20";
				CLANG_ENABLE_MODULES = YES;
				CLANG_ENABLE_OBJC_ARC = YES;
				CLANG_ENABLE_OBJC_WEAK = YES;
				CLANG_WARN_BLOCK_CAPTURE_AUTORELEASING = YES;
				CLANG_WARN_BOOL_CONVERSION = YES;
				CLANG_WARN_COMMA = YES;
				CLANG_WARN_CONSTANT_CONVERSION = YES;
				CLANG_WARN_DEPRECATED_OBJC_IMPLEMENTATIONS = YES;
				CLANG_WARN_DIRECT_OBJC_ISA_USAGE = YES_ERROR;
				CLANG_WARN_DOCUMENTATION_COMMENTS = YES;
				CLANG_WARN_EMPTY_BODY = YES;
				CLANG_WARN_ENUM_CONVERSION = YES;
				CLANG_WARN_INFINITE_RECURSION = YES;
				CLANG_WARN_INT_CONVERSION = YES;
				CLANG_WARN_NON_LITERAL_NULL_CONVERSION = YES;
				CLANG_WARN_OBJC_IMPLICIT_RETAIN_SELF = YES;
				CLANG_WARN_OBJC_LITERAL_CONVERSION = YES;
				CLANG_WARN_OBJC_ROOT_CLASS = YES_ERROR;
				CLANG_WARN_QUOTED_INCLUDE_IN_FRAMEWORK_HEADER = YES;
				CLANG_WARN_RANGE_LOOP_ANALYSIS = YES;
				CLANG_WARN_STRICT_PROTOTYPES = YES;
				CLANG_WARN_SUSPICIOUS_MOVE = YES;
				CLANG_WARN_UNGUARDED_AVAILABILITY = YES_AGGRESSIVE;
				CLANG_WARN_UNREACHABLE_CODE = YES;
				CLANG_WARN__DUPLICATE_METHOD_MATCH = YES;
				COPY_PHASE_STRIP = NO;
				DEBUG_INFORMATION_FORMAT = dwarf;
				ENABLE_STRICT_OBJC_MSGSEND = YES;
				ENABLE_TESTABILITY = YES;
				ENABLE_USER_SCRIPT_SANDBOXING = YES;
				GCC_C_LANGUAGE_STANDARD = gnu17;
				GCC_DYNAMIC_NO_PIC = NO;
				GCC_NO_COMMON_BLOCKS = YES;
				GCC_OPTIMIZATION_LEVEL = 0;
				GCC_PREPROCESSOR_DEFINITIONS = (
					"DEBUG=1",
					"$(inherited)",
				);
				GCC_WARN_64_TO_32_BIT_CONVERSION = YES;
				GCC_WARN_ABOUT_RETURN_TYPE = YES_ERROR;
				GCC_WARN_UNDECLARED_SELECTOR = YES;
				GCC_WARN_UNINITIALIZED_AUTOS = YES_AGGRESSIVE;
				GCC_WARN_UNUSED_FUNCTION = YES;
				GCC_WARN_UNUSED_VARIABLE = YES;
				LOCALIZATION_PREFERS_STRING_CATALOGS = YES;
				MACOSX_DEPLOYMENT_TARGET = 14.4;
				MTL_ENABLE_DEBUG_INFO = INCLUDE_SOURCE;
				MTL_FAST_MATH = YES;
				ONLY_ACTIVE_ARCH = YES;
				SDKROOT = macosx;
				SWIFT_ACTIVE_COMPILATION_CONDITIONS = "DEBUG $(inherited)";
				SWIFT_OPTIMIZATION_LEVEL = "-Onone";
			};
			name = Debug;
		};
		1577CB392BC1098900138F5F /* Release */ = {
			isa = XCBuildConfiguration;
			buildSettings = {
				ALWAYS_SEARCH_USER_PATHS = NO;
				ASSETCATALOG_COMPILER_GENERATE_SWIFT_ASSET_SYMBOL_EXTENSIONS = YES;
				CLANG_ANALYZER_NONNULL = YES;
				CLANG_ANALYZER_NUMBER_OBJECT_CONVERSION = YES_AGGRESSIVE;
				CLANG_CXX_LANGUAGE_STANDARD = "gnu++20";
				CLANG_ENABLE_MODULES = YES;
				CLANG_ENABLE_OBJC_ARC = YES;
				CLANG_ENABLE_OBJC_WEAK = YES;
				CLANG_WARN_BLOCK_CAPTURE_AUTORELEASING = YES;
				CLANG_WARN_BOOL_CONVERSION = YES;
				CLANG_WARN_COMMA = YES;
				CLANG_WARN_CONSTANT_CONVERSION = YES;
				CLANG_WARN_DEPRECATED_OBJC_IMPLEMENTATIONS = YES;
				CLANG_WARN_DIRECT_OBJC_ISA_USAGE = YES_ERROR;
				CLANG_WARN_DOCUMENTATION_COMMENTS = YES;
				CLANG_WARN_EMPTY_BODY = YES;
				CLANG_WARN_ENUM_CONVERSION = YES;
				CLANG_WARN_INFINITE_RECURSION = YES;
				CLANG_WARN_INT_CONVERSION = YES;
				CLANG_WARN_NON_LITERAL_NULL_CONVERSION = YES;
				CLANG_WARN_OBJC_IMPLICIT_RETAIN_SELF = YES;
				CLANG_WARN_OBJC_LITERAL_CONVERSION = YES;
				CLANG_WARN_OBJC_ROOT_CLASS = YES_ERROR;
				CLANG_WARN_QUOTED_INCLUDE_IN_FRAMEWORK_HEADER = YES;
				CLANG_WARN_RANGE_LOOP_ANALYSIS = YES;
				CLANG_WARN_STRICT_PROTOTYPES = YES;
				CLANG_WARN_SUSPICIOUS_MOVE = YES;
				CLANG_WARN_UNGUARDED_AVAILABILITY = YES_AGGRESSIVE;
				CLANG_WARN_UNREACHABLE_CODE = YES;
				CLANG_WARN__DUPLICATE_METHOD_MATCH = YES;
				COPY_PHASE_STRIP = NO;
				DEBUG_INFORMATION_FORMAT = "dwarf-with-dsym";
				ENABLE_NS_ASSERTIONS = NO;
				ENABLE_STRICT_OBJC_MSGSEND = YES;
				ENABLE_USER_SCRIPT_SANDBOXING = YES;
				GCC_C_LANGUAGE_STANDARD = gnu17;
				GCC_NO_COMMON_BLOCKS = YES;
				GCC_WARN_64_TO_32_BIT_CONVERSION = YES;
				GCC_WARN_ABOUT_RETURN_TYPE = YES_ERROR;
				GCC_WARN_UNDECLARED_SELECTOR = YES;
				GCC_WARN_UNINITIALIZED_AUTOS = YES_AGGRESSIVE;
				GCC_WARN_UNUSED_FUNCTION = YES;
				GCC_WARN_UNUSED_VARIABLE = YES;
				LOCALIZATION_PREFERS_STRING_CATALOGS = YES;
				MACOSX_DEPLOYMENT_TARGET = 14.4;
				MTL_ENABLE_DEBUG_INFO = NO;
				MTL_FAST_MATH = YES;
				SDKROOT = macosx;
				SWIFT_COMPILATION_MODE = wholemodule;
			};
			name = Release;
		};
		1577CB3B2BC1098900138F5F /* Debug */ = {
			isa = XCBuildConfiguration;
			buildSettings = {
				ASSETCATALOG_COMPILER_APPICON_NAME = AppIcon;
				ASSETCATALOG_COMPILER_GLOBAL_ACCENT_COLOR_NAME = AccentColor;
				CODE_SIGN_ENTITLEMENTS = cursor/cursor.entitlements;
				CODE_SIGN_STYLE = Automatic;
				COMBINE_HIDPI_IMAGES = YES;
				CURRENT_PROJECT_VERSION = 1;
				DEVELOPMENT_ASSET_PATHS = "\"cursor/Preview Content\"";
				DEVELOPMENT_TEAM = VR7C6JN7MF;
				ENABLE_HARDENED_RUNTIME = YES;
				ENABLE_PREVIEWS = YES;
				GENERATE_INFOPLIST_FILE = YES;
				INFOPLIST_KEY_NSHumanReadableCopyright = "";
				LD_RUNPATH_SEARCH_PATHS = (
					"$(inherited)",
					"@executable_path/../Frameworks",
				);
				MARKETING_VERSION = 1.0;
				PRODUCT_BUNDLE_IDENTIFIER = com.test.cursor;
				PRODUCT_NAME = "$(TARGET_NAME)";
				SWIFT_EMIT_LOC_STRINGS = YES;
				SWIFT_VERSION = 5.0;
			};
			name = Debug;
		};
		1577CB3C2BC1098900138F5F /* Release */ = {
			isa = XCBuildConfiguration;
			buildSettings = {
				ASSETCATALOG_COMPILER_APPICON_NAME = AppIcon;
				ASSETCATALOG_COMPILER_GLOBAL_ACCENT_COLOR_NAME = AccentColor;
				CODE_SIGN_ENTITLEMENTS = cursor/cursor.entitlements;
				CODE_SIGN_STYLE = Automatic;
				COMBINE_HIDPI_IMAGES = YES;
				CURRENT_PROJECT_VERSION = 1;
				DEVELOPMENT_ASSET_PATHS = "\"cursor/Preview Content\"";
				DEVELOPMENT_TEAM = VR7C6JN7MF;
				ENABLE_HARDENED_RUNTIME = YES;
				ENABLE_PREVIEWS = YES;
				GENERATE_INFOPLIST_FILE = YES;
				INFOPLIST_KEY_NSHumanReadableCopyright = "";
				LD_RUNPATH_SEARCH_PATHS = (
					"$(inherited)",
					"@executable_path/../Frameworks",
				);
				MARKETING_VERSION = 1.0;
				PRODUCT_BUNDLE_IDENTIFIER = com.test.cursor;
				PRODUCT_NAME = "$(TARGET_NAME)";
				SWIFT_EMIT_LOC_STRINGS = YES;
				SWIFT_VERSION = 5.0;
			};
			name = Release;
		};
		1577CB3E2BC1098900138F5F /* Debug */ = {
			isa = XCBuildConfiguration;
			buildSettings = {
				ALWAYS_EMBED_SWIFT_STANDARD_LIBRARIES = YES;
				BUNDLE_LOADER = "$(TEST_HOST)";
				CODE_SIGN_STYLE = Automatic;
				CURRENT_PROJECT_VERSION = 1;
				DEVELOPMENT_TEAM = VR7C6JN7MF;
				GENERATE_INFOPLIST_FILE = YES;
				MACOSX_DEPLOYMENT_TARGET = 14.4;
				MARKETING_VERSION = 1.0;
				PRODUCT_BUNDLE_IDENTIFIER = com.test.cursorTests;
				PRODUCT_NAME = "$(TARGET_NAME)";
				SWIFT_EMIT_LOC_STRINGS = NO;
				SWIFT_VERSION = 5.0;
				TEST_HOST = "$(BUILT_PRODUCTS_DIR)/cursor.app/$(BUNDLE_EXECUTABLE_FOLDER_PATH)/cursor";
			};
			name = Debug;
		};
		1577CB3F2BC1098900138F5F /* Release */ = {
			isa = XCBuildConfiguration;
			buildSettings = {
				ALWAYS_EMBED_SWIFT_STANDARD_LIBRARIES = YES;
				BUNDLE_LOADER = "$(TEST_HOST)";
				CODE_SIGN_STYLE = Automatic;
				CURRENT_PROJECT_VERSION = 1;
				DEVELOPMENT_TEAM = VR7C6JN7MF;
				GENERATE_INFOPLIST_FILE = YES;
				MACOSX_DEPLOYMENT_TARGET = 14.4;
				MARKETING_VERSION = 1.0;
				PRODUCT_BUNDLE_IDENTIFIER = com.test.cursorTests;
				PRODUCT_NAME = "$(TARGET_NAME)";
				SWIFT_EMIT_LOC_STRINGS = NO;
				SWIFT_VERSION = 5.0;
				TEST_HOST = "$(BUILT_PRODUCTS_DIR)/cursor.app/$(BUNDLE_EXECUTABLE_FOLDER_PATH)/cursor";
			};
			name = Release;
		};
		1577CB412BC1098900138F5F /* Debug */ = {
			isa = XCBuildConfiguration;
			buildSettings = {
				ALWAYS_EMBED_SWIFT_STANDARD_LIBRARIES = YES;
				CODE_SIGN_STYLE = Automatic;
				CURRENT_PROJECT_VERSION = 1;
				DEVELOPMENT_TEAM = VR7C6JN7MF;
				GENERATE_INFOPLIST_FILE = YES;
				MARKETING_VERSION = 1.0;
				PRODUCT_BUNDLE_IDENTIFIER = com.test.cursorUITests;
				PRODUCT_NAME = "$(TARGET_NAME)";
				SWIFT_EMIT_LOC_STRINGS = NO;
				SWIFT_VERSION = 5.0;
				TEST_TARGET_NAME = cursor;
			};
			name = Debug;
		};
		1577CB422BC1098900138F5F /* Release */ = {
			isa = XCBuildConfiguration;
			buildSettings = {
				ALWAYS_EMBED_SWIFT_STANDARD_LIBRARIES = YES;
				CODE_SIGN_STYLE = Automatic;
				CURRENT_PROJECT_VERSION = 1;
				DEVELOPMENT_TEAM = VR7C6JN7MF;
				GENERATE_INFOPLIST_FILE = YES;
				MARKETING_VERSION = 1.0;
				PRODUCT_BUNDLE_IDENTIFIER = com.test.cursorUITests;
				PRODUCT_NAME = "$(TARGET_NAME)";
				SWIFT_EMIT_LOC_STRINGS = NO;
				SWIFT_VERSION = 5.0;
				TEST_TARGET_NAME = cursor;
			};
			name = Release;
		};
/* End XCBuildConfiguration section */

/* Begin XCConfigurationList section */
		1577CB102BC1098800138F5F /* Build configuration list for PBXProject "cursor" */ = {
			isa = XCConfigurationList;
			buildConfigurations = (
				1577CB382BC1098900138F5F /* Debug */,
				1577CB392BC1098900138F5F /* Release */,
			);
			defaultConfigurationIsVisible = 0;
			defaultConfigurationName = Release;
		};
		1577CB3A2BC1098900138F5F /* Build configuration list for PBXNativeTarget "cursor" */ = {
			isa = XCConfigurationList;
			buildConfigurations = (
				1577CB3B2BC1098900138F5F /* Debug */,
				1577CB3C2BC1098900138F5F /* Release */,
			);
			defaultConfigurationIsVisible = 0;
			defaultConfigurationName = Release;
		};
		1577CB3D2BC1098900138F5F /* Build configuration list for PBXNativeTarget "cursorTests" */ = {
			isa = XCConfigurationList;
			buildConfigurations = (
				1577CB3E2BC1098900138F5F /* Debug */,
				1577CB3F2BC1098900138F5F /* Release */,
			);
			defaultConfigurationIsVisible = 0;
			defaultConfigurationName = Release;
		};
		1577CB402BC1098900138F5F /* Build configuration list for PBXNativeTarget "cursorUITests" */ = {
			isa = XCConfigurationList;
			buildConfigurations = (
				1577CB412BC1098900138F5F /* Debug */,
				1577CB422BC1098900138F5F /* Release */,
			);
			defaultConfigurationIsVisible = 0;
			defaultConfigurationName = Release;
		};
/* End XCConfigurationList section */
	};
	rootObject = 1577CB0D2BC1098800138F5F /* Project object */;
}
